
Microsoft Visual Studio Solution File, Format Version 12.00
# Visual Studio Version 17
VisualStudioVersion = 17.0.31903.59
MinimumVisualStudioVersion = 10.0.40219.1
Project("{2150E333-8FDC-42A3-9474-1A3956D46DE8}") = "src", "src", "{55FAAAE1-DD54-41CE-95C5-FE447BDA1872}"
EndProject
Project("{FAE04EC0-301F-11D3-BF4B-00C04F79EFBC}") = "Cms.GoogleOAuth", "src\Cms.GoogleOAuth\Cms.GoogleOAuth.csproj", "{3E875135-3B5E-44F7-B009-D8DC21B48EB4}"
EndProject
Global
	GlobalSection(SolutionConfigurationPlatforms) = preSolution
		Debug|Any CPU = Debug|Any CPU
		Release|Any CPU = Release|Any CPU
	EndGlobalSection
	GlobalSection(SolutionProperties) = preSolution
		HideSolutionNode = FALSE
	EndGlobalSection
	GlobalSection(ProjectConfigurationPlatforms) = postSolution
		{3E875135-3B5E-44F7-B009-D8DC21B48EB4}.Debug|Any CPU.ActiveCfg = Debug|Any CPU
		{3E875135-3B5E-44F7-B009-D8DC21B48EB4}.Debug|Any CPU.Build.0 = Debug|Any CPU
		{3E875135-3B5E-44F7-B009-D8DC21B48EB4}.Release|Any CPU.ActiveCfg = Release|Any CPU
		{3E875135-3B5E-44F7-B009-D8DC21B48EB4}.Release|Any CPU.Build.0 = Release|Any CPU
	EndGlobalSection
	GlobalSection(NestedProjects) = preSolution
		{3E875135-3B5E-44F7-B009-D8DC21B48EB4} = {55FAAAE1-DD54-41CE-95C5-FE447BDA1872}
	EndGlobalSection
EndGlobal
